
Microsoft Visual Studio Solution File, Format Version 12.00
# Visual Studio 15
VisualStudioVersion = 15.0.26430.15
MinimumVisualStudioVersion = 10.0.40219.1
Project("{2150E333-8FDC-42A3-9474-1A3956D46DE8}") = "1 - Services", "1 - Services", "{431CD3BF-8C28-4475-BAA2-B9B5479FC13F}"
EndProject
Project("{2150E333-8FDC-42A3-9474-1A3956D46DE8}") = "2 - Domain", "2 - Domain", "{90DE1E63-4697-429C-AFF4-4F7A175F9102}"
EndProject
Project("{2150E333-8FDC-42A3-9474-1A3956D46DE8}") = "3 - Infra", "3 - Infra", "{9F870DBD-59A2-458A-9A42-836F7A9EF286}"
EndProject
Project("{2150E333-8FDC-42A3-9474-1A3956D46DE8}") = "3.1 - Data", "3.1 - Data", "{98A2E0C8-C447-4318-90C1-A450262F679C}"
EndProject
Project("{2150E333-8FDC-42A3-9474-1A3956D46DE8}") = "3.2 - Infra", "3.2 - Infra", "{E6FA7156-A25D-4C30-91FF-A657B33C306C}"
EndProject
Project("{2150E333-8FDC-42A3-9474-1A3956D46DE8}") = "4 - Tests", "4 - Tests", "{B2CD3597-EFA6-4C4E-B7BB-9F534FE27FB0}"
EndProject
Project("{9A19103F-16F7-4668-BE54-9A1E7A4F7556}") = "HBSIS.Domain", "src\HBSIS.Domain\HBSIS.Domain.csproj", "{7680C512-3D11-4177-B399-E0A7CC7BCE7C}"
EndProject
Project("{9A19103F-16F7-4668-BE54-9A1E7A4F7556}") = "HBSIS.Data", "src\HBSIS.Data\HBSIS.Data.csproj", "{1DC0BD93-E3D1-4920-8957-58F8130CFFBF}"
EndProject
Project("{9A19103F-16F7-4668-BE54-9A1E7A4F7556}") = "HBSIS.Infra.CrossCutting.IoC", "src\HBSIS.Infra.CrossCutting.IoC\HBSIS.Infra.CrossCutting.IoC.csproj", "{DE383CDA-3905-47DB-AB0E-12CBD6F13A5A}"
EndProject
Project("{9A19103F-16F7-4668-BE54-9A1E7A4F7556}") = "HBSIS.Services.Api", "src\HBSIS.Services.Api\HBSIS.Services.Api.csproj", "{8B501864-1BF3-4E80-8196-CBFC5E872600}"
EndProject
Global
	GlobalSection(SolutionConfigurationPlatforms) = preSolution
		Debug|Any CPU = Debug|Any CPU
		Release|Any CPU = Release|Any CPU
	EndGlobalSection
	GlobalSection(ProjectConfigurationPlatforms) = postSolution
		{7680C512-3D11-4177-B399-E0A7CC7BCE7C}.Debug|Any CPU.ActiveCfg = Debug|Any CPU
		{7680C512-3D11-4177-B399-E0A7CC7BCE7C}.Debug|Any CPU.Build.0 = Debug|Any CPU
		{7680C512-3D11-4177-B399-E0A7CC7BCE7C}.Release|Any CPU.ActiveCfg = Release|Any CPU
		{7680C512-3D11-4177-B399-E0A7CC7BCE7C}.Release|Any CPU.Build.0 = Release|Any CPU
		{1DC0BD93-E3D1-4920-8957-58F8130CFFBF}.Debug|Any CPU.ActiveCfg = Debug|Any CPU
		{1DC0BD93-E3D1-4920-8957-58F8130CFFBF}.Debug|Any CPU.Build.0 = Debug|Any CPU
		{1DC0BD93-E3D1-4920-8957-58F8130CFFBF}.Release|Any CPU.ActiveCfg = Release|Any CPU
		{1DC0BD93-E3D1-4920-8957-58F8130CFFBF}.Release|Any CPU.Build.0 = Release|Any CPU
		{DE383CDA-3905-47DB-AB0E-12CBD6F13A5A}.Debug|Any CPU.ActiveCfg = Debug|Any CPU
		{DE383CDA-3905-47DB-AB0E-12CBD6F13A5A}.Debug|Any CPU.Build.0 = Debug|Any CPU
		{DE383CDA-3905-47DB-AB0E-12CBD6F13A5A}.Release|Any CPU.ActiveCfg = Release|Any CPU
		{DE383CDA-3905-47DB-AB0E-12CBD6F13A5A}.Release|Any CPU.Build.0 = Release|Any CPU
		{8B501864-1BF3-4E80-8196-CBFC5E872600}.Debug|Any CPU.ActiveCfg = Debug|Any CPU
		{8B501864-1BF3-4E80-8196-CBFC5E872600}.Debug|Any CPU.Build.0 = Debug|Any CPU
		{8B501864-1BF3-4E80-8196-CBFC5E872600}.Release|Any CPU.ActiveCfg = Release|Any CPU
		{8B501864-1BF3-4E80-8196-CBFC5E872600}.Release|Any CPU.Build.0 = Release|Any CPU
	EndGlobalSection
	GlobalSection(SolutionProperties) = preSolution
		HideSolutionNode = FALSE
	EndGlobalSection
	GlobalSection(NestedProjects) = preSolution
		{98A2E0C8-C447-4318-90C1-A450262F679C} = {9F870DBD-59A2-458A-9A42-836F7A9EF286}
		{E6FA7156-A25D-4C30-91FF-A657B33C306C} = {9F870DBD-59A2-458A-9A42-836F7A9EF286}
		{7680C512-3D11-4177-B399-E0A7CC7BCE7C} = {90DE1E63-4697-429C-AFF4-4F7A175F9102}
		{1DC0BD93-E3D1-4920-8957-58F8130CFFBF} = {98A2E0C8-C447-4318-90C1-A450262F679C}
		{DE383CDA-3905-47DB-AB0E-12CBD6F13A5A} = {E6FA7156-A25D-4C30-91FF-A657B33C306C}
		{8B501864-1BF3-4E80-8196-CBFC5E872600} = {431CD3BF-8C28-4475-BAA2-B9B5479FC13F}
	EndGlobalSection
EndGlobal
